
Microsoft Visual Studio Solution File, Format Version 12.00
# Visual Studio Version 17
VisualStudioVersion = 17.7.34031.279
MinimumVisualStudioVersion = 10.0.40219.1
Project("{FAE04EC0-301F-11D3-BF4B-00C04F79EFBC}") = "Lucky.API", "Lucky.API\Lucky.API.csproj", "{4AF8C6EA-0AA5-4587-8709-229D7D7C1CB4}"
EndProject
Global
	GlobalSection(SolutionConfigurationPlatforms) = preSolution
		Debug|Any CPU = Debug|Any CPU
		Release|Any CPU = Release|Any CPU
	EndGlobalSection
	GlobalSection(ProjectConfigurationPlatforms) = postSolution
		{4AF8C6EA-0AA5-4587-8709-229D7D7C1CB4}.Debug|Any CPU.ActiveCfg = Debug|Any CPU
		{4AF8C6EA-0AA5-4587-8709-229D7D7C1CB4}.Debug|Any CPU.Build.0 = Debug|Any CPU
		{4AF8C6EA-0AA5-4587-8709-229D7D7C1CB4}.Release|Any CPU.ActiveCfg = Release|Any CPU
		{4AF8C6EA-0AA5-4587-8709-229D7D7C1CB4}.Release|Any CPU.Build.0 = Release|Any CPU
	EndGlobalSection
	GlobalSection(SolutionProperties) = preSolution
		HideSolutionNode = FALSE
	EndGlobalSection
	GlobalSection(ExtensibilityGlobals) = postSolution
		SolutionGuid = {1A342FFA-EBB5-40BE-8153-534F72F8E9E8}
	EndGlobalSection
EndGlobal
